
Microsoft Visual Studio Solution File, Format Version 12.00
# Visual Studio Version 17
VisualStudioVersion = 17.0.31903.59
MinimumVisualStudioVersion = 10.0.40219.1
Project("{2150E333-8FDC-42A3-9474-1A3956D46DE8}") = "src", "src", "{1634A225-2893-4576-B10E-8008BEBCDF1F}"
EndProject
Project("{FAE04EC0-301F-11D3-BF4B-00C04F79EFBC}") = "Coursework", "src\Coursework.csproj", "{38CF276B-F4C4-4EA9-8CC7-53680556271B}"
EndProject
Global
	GlobalSection(SolutionConfigurationPlatforms) = preSolution
		Debug|Any CPU = Debug|Any CPU
		Release|Any CPU = Release|Any CPU
	EndGlobalSection
	GlobalSection(SolutionProperties) = preSolution
		HideSolutionNode = FALSE
	EndGlobalSection
	GlobalSection(ProjectConfigurationPlatforms) = postSolution
		{38CF276B-F4C4-4EA9-8CC7-53680556271B}.Debug|Any CPU.ActiveCfg = Debug|Any CPU
		{38CF276B-F4C4-4EA9-8CC7-53680556271B}.Debug|Any CPU.Build.0 = Debug|Any CPU
		{38CF276B-F4C4-4EA9-8CC7-53680556271B}.Release|Any CPU.ActiveCfg = Release|Any CPU
		{38CF276B-F4C4-4EA9-8CC7-53680556271B}.Release|Any CPU.Build.0 = Release|Any CPU
	EndGlobalSection
	GlobalSection(NestedProjects) = preSolution
		{38CF276B-F4C4-4EA9-8CC7-53680556271B} = {1634A225-2893-4576-B10E-8008BEBCDF1F}
	EndGlobalSection
EndGlobal
